
Microsoft Visual Studio Solution File, Format Version 12.00
# Visual Studio Version 17
VisualStudioVersion = 17.13.35825.156
MinimumVisualStudioVersion = 10.0.40219.1
Project("{FAE04EC0-301F-11D3-BF4B-00C04F79EFBC}") = "dotnetLab2", "dotnetLab2.csproj", "{E35F8130-43F0-4F38-99D4-307A141CD38A}"
EndProject
Project("{FAE04EC0-301F-11D3-BF4B-00C04F79EFBC}") = "MauiApp1", "..\MauiApp1\MauiApp1.csproj", "{42DEF0F7-20BB-44C6-A065-7C4FEEBFEDC5}"
EndProject
Global
	GlobalSection(SolutionConfigurationPlatforms) = preSolution
		Debug|Any CPU = Debug|Any CPU
		Release|Any CPU = Release|Any CPU
	EndGlobalSection
	GlobalSection(ProjectConfigurationPlatforms) = postSolution
		{E35F8130-43F0-4F38-99D4-307A141CD38A}.Debug|Any CPU.ActiveCfg = Debug|Any CPU
		{E35F8130-43F0-4F38-99D4-307A141CD38A}.Debug|Any CPU.Build.0 = Debug|Any CPU
		{E35F8130-43F0-4F38-99D4-307A141CD38A}.Release|Any CPU.ActiveCfg = Release|Any CPU
		{E35F8130-43F0-4F38-99D4-307A141CD38A}.Release|Any CPU.Build.0 = Release|Any CPU
		{42DEF0F7-20BB-44C6-A065-7C4FEEBFEDC5}.Debug|Any CPU.ActiveCfg = Debug|Any CPU
		{42DEF0F7-20BB-44C6-A065-7C4FEEBFEDC5}.Debug|Any CPU.Build.0 = Debug|Any CPU
		{42DEF0F7-20BB-44C6-A065-7C4FEEBFEDC5}.Debug|Any CPU.Deploy.0 = Debug|Any CPU
		{42DEF0F7-20BB-44C6-A065-7C4FEEBFEDC5}.Release|Any CPU.ActiveCfg = Release|Any CPU
		{42DEF0F7-20BB-44C6-A065-7C4FEEBFEDC5}.Release|Any CPU.Build.0 = Release|Any CPU
		{42DEF0F7-20BB-44C6-A065-7C4FEEBFEDC5}.Release|Any CPU.Deploy.0 = Release|Any CPU
	EndGlobalSection
	GlobalSection(SolutionProperties) = preSolution
		HideSolutionNode = FALSE
	EndGlobalSection
	GlobalSection(ExtensibilityGlobals) = postSolution
		SolutionGuid = {99F13CE6-91B9-45D0-AF00-157C9B92DDC0}
	EndGlobalSection
EndGlobal
